
Microsoft Visual Studio Solution File, Format Version 12.00
# Visual Studio Version 16
VisualStudioVersion = 16.0.31729.503
MinimumVisualStudioVersion = 10.0.40219.1
Project("{9A19103F-16F7-4668-BE54-9A1E7A4F7556}") = "Entities", "Entities\Entities.csproj", "{67E2EC5D-65D8-4B25-A816-2C669C347513}"
EndProject
Project("{9A19103F-16F7-4668-BE54-9A1E7A4F7556}") = "DataAccess", "DataAccess\DataAccess.csproj", "{2E753D09-19E9-43AB-B1A5-241EEEED6804}"
EndProject
Project("{9A19103F-16F7-4668-BE54-9A1E7A4F7556}") = "Business", "Business\Business.csproj", "{58719354-19A0-4564-985B-FCB7B00AADB6}"
EndProject
Project("{9A19103F-16F7-4668-BE54-9A1E7A4F7556}") = "ConsoleUI", "ConsoleUI\ConsoleUI.csproj", "{7CB75065-D7FD-4376-A783-31BBA5D04F43}"
EndProject
Project("{9A19103F-16F7-4668-BE54-9A1E7A4F7556}") = "Core", "Core\Core.csproj", "{E76C0CE7-94DB-4FC4-A1F0-8642C46F06B4}"
EndProject
Project("{9A19103F-16F7-4668-BE54-9A1E7A4F7556}") = "WebAPI", "WebAPI\WebAPI.csproj", "{8521ED3F-D8A1-4AEB-9D94-FB7F49E7BBED}"
EndProject
Global
	GlobalSection(SolutionConfigurationPlatforms) = preSolution
		Debug|Any CPU = Debug|Any CPU
		Release|Any CPU = Release|Any CPU
	EndGlobalSection
	GlobalSection(ProjectConfigurationPlatforms) = postSolution
		{67E2EC5D-65D8-4B25-A816-2C669C347513}.Debug|Any CPU.ActiveCfg = Debug|Any CPU
		{67E2EC5D-65D8-4B25-A816-2C669C347513}.Debug|Any CPU.Build.0 = Debug|Any CPU
		{67E2EC5D-65D8-4B25-A816-2C669C347513}.Release|Any CPU.ActiveCfg = Release|Any CPU
		{67E2EC5D-65D8-4B25-A816-2C669C347513}.Release|Any CPU.Build.0 = Release|Any CPU
		{2E753D09-19E9-43AB-B1A5-241EEEED6804}.Debug|Any CPU.ActiveCfg = Debug|Any CPU
		{2E753D09-19E9-43AB-B1A5-241EEEED6804}.Debug|Any CPU.Build.0 = Debug|Any CPU
		{2E753D09-19E9-43AB-B1A5-241EEEED6804}.Release|Any CPU.ActiveCfg = Release|Any CPU
		{2E753D09-19E9-43AB-B1A5-241EEEED6804}.Release|Any CPU.Build.0 = Release|Any CPU
		{58719354-19A0-4564-985B-FCB7B00AADB6}.Debug|Any CPU.ActiveCfg = Debug|Any CPU
		{58719354-19A0-4564-985B-FCB7B00AADB6}.Debug|Any CPU.Build.0 = Debug|Any CPU
		{58719354-19A0-4564-985B-FCB7B00AADB6}.Release|Any CPU.ActiveCfg = Release|Any CPU
		{58719354-19A0-4564-985B-FCB7B00AADB6}.Release|Any CPU.Build.0 = Release|Any CPU
		{7CB75065-D7FD-4376-A783-31BBA5D04F43}.Debug|Any CPU.ActiveCfg = Debug|Any CPU
		{7CB75065-D7FD-4376-A783-31BBA5D04F43}.Debug|Any CPU.Build.0 = Debug|Any CPU
		{7CB75065-D7FD-4376-A783-31BBA5D04F43}.Release|Any CPU.ActiveCfg = Release|Any CPU
		{7CB75065-D7FD-4376-A783-31BBA5D04F43}.Release|Any CPU.Build.0 = Release|Any CPU
		{E76C0CE7-94DB-4FC4-A1F0-8642C46F06B4}.Debug|Any CPU.ActiveCfg = Debug|Any CPU
		{E76C0CE7-94DB-4FC4-A1F0-8642C46F06B4}.Debug|Any CPU.Build.0 = Debug|Any CPU
		{E76C0CE7-94DB-4FC4-A1F0-8642C46F06B4}.Release|Any CPU.ActiveCfg = Release|Any CPU
		{E76C0CE7-94DB-4FC4-A1F0-8642C46F06B4}.Release|Any CPU.Build.0 = Release|Any CPU
		{8521ED3F-D8A1-4AEB-9D94-FB7F49E7BBED}.Debug|Any CPU.ActiveCfg = Debug|Any CPU
		{8521ED3F-D8A1-4AEB-9D94-FB7F49E7BBED}.Debug|Any CPU.Build.0 = Debug|Any CPU
		{8521ED3F-D8A1-4AEB-9D94-FB7F49E7BBED}.Release|Any CPU.ActiveCfg = Release|Any CPU
		{8521ED3F-D8A1-4AEB-9D94-FB7F49E7BBED}.Release|Any CPU.Build.0 = Release|Any CPU
	EndGlobalSection
	GlobalSection(SolutionProperties) = preSolution
		HideSolutionNode = FALSE
	EndGlobalSection
	GlobalSection(ExtensibilityGlobals) = postSolution
		SolutionGuid = {FF30B28B-F150-4671-BC09-9E0824E8A42B}
	EndGlobalSection
EndGlobal
